
Microsoft Visual Studio Solution File, Format Version 12.00
# Visual Studio Version 17
VisualStudioVersion = 17.0.31903.59
MinimumVisualStudioVersion = 10.0.40219.1
Project("{FAE04EC0-301F-11D3-BF4B-00C04F79EFBC}") = "PaymentContext.Domain", "PaymentContext.Domain\PaymentContext.Domain.csproj", "{151518AF-4679-4310-8CCD-6F09C6509350}"
EndProject
Project("{FAE04EC0-301F-11D3-BF4B-00C04F79EFBC}") = "PaymentContext.Tests", "PaymentContext.Tests\PaymentContext.Tests.csproj", "{34285E8A-D592-479C-B045-FC4AACBCE1EE}"
EndProject
Project("{FAE04EC0-301F-11D3-BF4B-00C04F79EFBC}") = "PaymentContext.Shared", "PaymentContext.Shared\PaymentContext.Shared.csproj", "{2662DBF1-5C52-48F7-9FBB-E771015234AD}"
EndProject
Global
	GlobalSection(SolutionConfigurationPlatforms) = preSolution
		Debug|Any CPU = Debug|Any CPU
		Debug|x64 = Debug|x64
		Debug|x86 = Debug|x86
		Release|Any CPU = Release|Any CPU
		Release|x64 = Release|x64
		Release|x86 = Release|x86
	EndGlobalSection
	GlobalSection(ProjectConfigurationPlatforms) = postSolution
		{151518AF-4679-4310-8CCD-6F09C6509350}.Debug|Any CPU.ActiveCfg = Debug|Any CPU
		{151518AF-4679-4310-8CCD-6F09C6509350}.Debug|Any CPU.Build.0 = Debug|Any CPU
		{151518AF-4679-4310-8CCD-6F09C6509350}.Debug|x64.ActiveCfg = Debug|Any CPU
		{151518AF-4679-4310-8CCD-6F09C6509350}.Debug|x64.Build.0 = Debug|Any CPU
		{151518AF-4679-4310-8CCD-6F09C6509350}.Debug|x86.ActiveCfg = Debug|Any CPU
		{151518AF-4679-4310-8CCD-6F09C6509350}.Debug|x86.Build.0 = Debug|Any CPU
		{151518AF-4679-4310-8CCD-6F09C6509350}.Release|Any CPU.ActiveCfg = Release|Any CPU
		{151518AF-4679-4310-8CCD-6F09C6509350}.Release|Any CPU.Build.0 = Release|Any CPU
		{151518AF-4679-4310-8CCD-6F09C6509350}.Release|x64.ActiveCfg = Release|Any CPU
		{151518AF-4679-4310-8CCD-6F09C6509350}.Release|x64.Build.0 = Release|Any CPU
		{151518AF-4679-4310-8CCD-6F09C6509350}.Release|x86.ActiveCfg = Release|Any CPU
		{151518AF-4679-4310-8CCD-6F09C6509350}.Release|x86.Build.0 = Release|Any CPU
		{34285E8A-D592-479C-B045-FC4AACBCE1EE}.Debug|Any CPU.ActiveCfg = Debug|Any CPU
		{34285E8A-D592-479C-B045-FC4AACBCE1EE}.Debug|Any CPU.Build.0 = Debug|Any CPU
		{34285E8A-D592-479C-B045-FC4AACBCE1EE}.Debug|x64.ActiveCfg = Debug|Any CPU
		{34285E8A-D592-479C-B045-FC4AACBCE1EE}.Debug|x64.Build.0 = Debug|Any CPU
		{34285E8A-D592-479C-B045-FC4AACBCE1EE}.Debug|x86.ActiveCfg = Debug|Any CPU
		{34285E8A-D592-479C-B045-FC4AACBCE1EE}.Debug|x86.Build.0 = Debug|Any CPU
		{34285E8A-D592-479C-B045-FC4AACBCE1EE}.Release|Any CPU.ActiveCfg = Release|Any CPU
		{34285E8A-D592-479C-B045-FC4AACBCE1EE}.Release|Any CPU.Build.0 = Release|Any CPU
		{34285E8A-D592-479C-B045-FC4AACBCE1EE}.Release|x64.ActiveCfg = Release|Any CPU
		{34285E8A-D592-479C-B045-FC4AACBCE1EE}.Release|x64.Build.0 = Release|Any CPU
		{34285E8A-D592-479C-B045-FC4AACBCE1EE}.Release|x86.ActiveCfg = Release|Any CPU
		{34285E8A-D592-479C-B045-FC4AACBCE1EE}.Release|x86.Build.0 = Release|Any CPU
		{2662DBF1-5C52-48F7-9FBB-E771015234AD}.Debug|Any CPU.ActiveCfg = Debug|Any CPU
		{2662DBF1-5C52-48F7-9FBB-E771015234AD}.Debug|Any CPU.Build.0 = Debug|Any CPU
		{2662DBF1-5C52-48F7-9FBB-E771015234AD}.Debug|x64.ActiveCfg = Debug|Any CPU
		{2662DBF1-5C52-48F7-9FBB-E771015234AD}.Debug|x64.Build.0 = Debug|Any CPU
		{2662DBF1-5C52-48F7-9FBB-E771015234AD}.Debug|x86.ActiveCfg = Debug|Any CPU
		{2662DBF1-5C52-48F7-9FBB-E771015234AD}.Debug|x86.Build.0 = Debug|Any CPU
		{2662DBF1-5C52-48F7-9FBB-E771015234AD}.Release|Any CPU.ActiveCfg = Release|Any CPU
		{2662DBF1-5C52-48F7-9FBB-E771015234AD}.Release|Any CPU.Build.0 = Release|Any CPU
		{2662DBF1-5C52-48F7-9FBB-E771015234AD}.Release|x64.ActiveCfg = Release|Any CPU
		{2662DBF1-5C52-48F7-9FBB-E771015234AD}.Release|x64.Build.0 = Release|Any CPU
		{2662DBF1-5C52-48F7-9FBB-E771015234AD}.Release|x86.ActiveCfg = Release|Any CPU
		{2662DBF1-5C52-48F7-9FBB-E771015234AD}.Release|x86.Build.0 = Release|Any CPU
	EndGlobalSection
	GlobalSection(SolutionProperties) = preSolution
		HideSolutionNode = FALSE
	EndGlobalSection
EndGlobal
